github.com/akamensky/argparse v1.4.0 h1:YGzvsTqCvbEZhL8zZu2AiA5nq805NZh75JNj4ajn1xc=
github.com/akamensky/argparse v1.4.0/go.mod h1:S5kwC7IuDcEr5VeXtGPRVZ5o/FdhcMlQz4IZQuw64xA=
github.com/loynoir/ExpandUser.go v0.0.0-20210217142224-45967819e764 h1:TplAC0ia7oD3tvujrl2zxX8oo5K18yeUrkNKS45EzmM=
github.com/loynoir/ExpandUser.go v0.0.0-20210217142224-45967819e764/go.mod h1:Y6DDZWCFswoXByr8B9pk13yCIoj73gsU8Cxnt9PCaIA=
github.com/mitchellh/mapstructure v1.5.0 h1:jeMsZIYE/09sWLaz43PL7Gy6RuMjD2eJVyuac5Z2hdY=
github.com/mitchellh/mapstructure v1.5.0/go.mod h1:bFUtVrKA4DC2yAKiSyO/QUcy7e+RRV2QTWOzhPopBRo=
